
Microsoft Visual Studio Solution File, Format Version 10.00
# Visual C++ Express 2008
Project("{8BC9CEB8-8B4A-11D0-8D11-00A0C91BC942}") = "libasl", "..\..\base2\asl\libasl.vcproj", "{E6BBBB94-32CB-42DE-AC00-08E4066F982E}"
	ProjectSection(ProjectDependencies) = postProject
		{EAEE9F29-0EC1-4515-990B-997FCED81A05} = {EAEE9F29-0EC1-4515-990B-997FCED81A05}
		{1B8F524D-3162-4E5B-87EE-3FD918C543BC} = {1B8F524D-3162-4E5B-87EE-3FD918C543BC}
		{9011548E-CF63-4B6F-9C53-47F6A4DBB189} = {9011548E-CF63-4B6F-9C53-47F6A4DBB189}
		{5AAA55C2-B01B-4FD6-AD0A-462F8DB0D1A4} = {5AAA55C2-B01B-4FD6-AD0A-462F8DB0D1A4}
		{2853A8EB-3D5A-4C97-AD82-C16AA311A3E0} = {2853A8EB-3D5A-4C97-AD82-C16AA311A3E0}
		{FF8519F7-0322-4F8B-94F8-E1E0C2FBB770} = {FF8519F7-0322-4F8B-94F8-E1E0C2FBB770}
	EndProjectSection
EndProject
Project("{8BC9CEB8-8B4A-11D0-8D11-00A0C91BC942}") = "libhttp", "..\..\base2\http\libhttp.vcproj", "{3BC4CA33-7F2B-4DA2-ABAF-CD8B474862B8}"
	ProjectSection(ProjectDependencies) = postProject
		{1B8F524D-3162-4E5B-87EE-3FD918C543BC} = {1B8F524D-3162-4E5B-87EE-3FD918C543BC}
		{9011548E-CF63-4B6F-9C53-47F6A4DBB189} = {9011548E-CF63-4B6F-9C53-47F6A4DBB189}
		{E6BBBB94-32CB-42DE-AC00-08E4066F982E} = {E6BBBB94-32CB-42DE-AC00-08E4066F982E}
		{5AAA55C2-B01B-4FD6-AD0A-462F8DB0D1A4} = {5AAA55C2-B01B-4FD6-AD0A-462F8DB0D1A4}
		{2853A8EB-3D5A-4C97-AD82-C16AA311A3E0} = {2853A8EB-3D5A-4C97-AD82-C16AA311A3E0}
		{FF8519F7-0322-4F8B-94F8-E1E0C2FBB770} = {FF8519F7-0322-4F8B-94F8-E1E0C2FBB770}
	EndProjectSection
EndProject
Project("{8BC9CEB8-8B4A-11D0-8D11-00A0C91BC942}") = "libicl", "..\..\base2\icl\libicl.vcproj", "{9011548E-CF63-4B6F-9C53-47F6A4DBB189}"
	ProjectSection(ProjectDependencies) = postProject
		{1B8F524D-3162-4E5B-87EE-3FD918C543BC} = {1B8F524D-3162-4E5B-87EE-3FD918C543BC}
		{FF8519F7-0322-4F8B-94F8-E1E0C2FBB770} = {FF8519F7-0322-4F8B-94F8-E1E0C2FBB770}
	EndProjectSection
EndProject
Project("{8BC9CEB8-8B4A-11D0-8D11-00A0C91BC942}") = "libipr", "..\..\base2\ipr\libipr.vcproj", "{5AAA55C2-B01B-4FD6-AD0A-462F8DB0D1A4}"
	ProjectSection(ProjectDependencies) = postProject
		{1B8F524D-3162-4E5B-87EE-3FD918C543BC} = {1B8F524D-3162-4E5B-87EE-3FD918C543BC}
		{9011548E-CF63-4B6F-9C53-47F6A4DBB189} = {9011548E-CF63-4B6F-9C53-47F6A4DBB189}
		{FF8519F7-0322-4F8B-94F8-E1E0C2FBB770} = {FF8519F7-0322-4F8B-94F8-E1E0C2FBB770}
	EndProjectSection
EndProject
Project("{8BC9CEB8-8B4A-11D0-8D11-00A0C91BC942}") = "libsmt", "..\..\base2\smt\libsmt.vcproj", "{2853A8EB-3D5A-4C97-AD82-C16AA311A3E0}"
	ProjectSection(ProjectDependencies) = postProject
		{1B8F524D-3162-4E5B-87EE-3FD918C543BC} = {1B8F524D-3162-4E5B-87EE-3FD918C543BC}
		{9011548E-CF63-4B6F-9C53-47F6A4DBB189} = {9011548E-CF63-4B6F-9C53-47F6A4DBB189}
		{5AAA55C2-B01B-4FD6-AD0A-462F8DB0D1A4} = {5AAA55C2-B01B-4FD6-AD0A-462F8DB0D1A4}
		{FF8519F7-0322-4F8B-94F8-E1E0C2FBB770} = {FF8519F7-0322-4F8B-94F8-E1E0C2FBB770}
	EndProjectSection
EndProject
Project("{8BC9CEB8-8B4A-11D0-8D11-00A0C91BC942}") = "libamq_common", "..\common\libamq_common.vcproj", "{0E673759-1568-4805-9CA5-551B78889DE8}"
	ProjectSection(ProjectDependencies) = postProject
		{8BA1DE28-1C3D-4059-A4BB-365A482F97C2} = {8BA1DE28-1C3D-4059-A4BB-365A482F97C2}
		{3BC4CA33-7F2B-4DA2-ABAF-CD8B474862B8} = {3BC4CA33-7F2B-4DA2-ABAF-CD8B474862B8}
		{1B8F524D-3162-4E5B-87EE-3FD918C543BC} = {1B8F524D-3162-4E5B-87EE-3FD918C543BC}
		{9011548E-CF63-4B6F-9C53-47F6A4DBB189} = {9011548E-CF63-4B6F-9C53-47F6A4DBB189}
		{E6BBBB94-32CB-42DE-AC00-08E4066F982E} = {E6BBBB94-32CB-42DE-AC00-08E4066F982E}
		{5AAA55C2-B01B-4FD6-AD0A-462F8DB0D1A4} = {5AAA55C2-B01B-4FD6-AD0A-462F8DB0D1A4}
		{2853A8EB-3D5A-4C97-AD82-C16AA311A3E0} = {2853A8EB-3D5A-4C97-AD82-C16AA311A3E0}
		{FF8519F7-0322-4F8B-94F8-E1E0C2FBB770} = {FF8519F7-0322-4F8B-94F8-E1E0C2FBB770}
	EndProjectSection
EndProject
Project("{8BC9CEB8-8B4A-11D0-8D11-00A0C91BC942}") = "libamq_server", "..\server\libamq_server.vcproj", "{931E66A7-C950-46E8-8BC2-BCC0772F03BA}"
	ProjectSection(ProjectDependencies) = postProject
		{D4A80A22-E223-4E1D-A8A3-B40C75A8898E} = {D4A80A22-E223-4E1D-A8A3-B40C75A8898E}
		{3BC4CA33-7F2B-4DA2-ABAF-CD8B474862B8} = {3BC4CA33-7F2B-4DA2-ABAF-CD8B474862B8}
		{1B8F524D-3162-4E5B-87EE-3FD918C543BC} = {1B8F524D-3162-4E5B-87EE-3FD918C543BC}
		{0E673759-1568-4805-9CA5-551B78889DE8} = {0E673759-1568-4805-9CA5-551B78889DE8}
		{F4E99779-8AE4-422A-82A1-AEAE56FAE63E} = {F4E99779-8AE4-422A-82A1-AEAE56FAE63E}
		{9011548E-CF63-4B6F-9C53-47F6A4DBB189} = {9011548E-CF63-4B6F-9C53-47F6A4DBB189}
		{E6BBBB94-32CB-42DE-AC00-08E4066F982E} = {E6BBBB94-32CB-42DE-AC00-08E4066F982E}
		{5AAA55C2-B01B-4FD6-AD0A-462F8DB0D1A4} = {5AAA55C2-B01B-4FD6-AD0A-462F8DB0D1A4}
		{2853A8EB-3D5A-4C97-AD82-C16AA311A3E0} = {2853A8EB-3D5A-4C97-AD82-C16AA311A3E0}
		{FF8519F7-0322-4F8B-94F8-E1E0C2FBB770} = {FF8519F7-0322-4F8B-94F8-E1E0C2FBB770}
	EndProjectSection
EndProject
Project("{8BC9CEB8-8B4A-11D0-8D11-00A0C91BC942}") = "amq_shell", "..\shell\amq_shell.vcproj", "{B5612296-1BA9-4B12-B92E-699F7C542885}"
	ProjectSection(ProjectDependencies) = postProject
		{D051340F-7A3F-4666-A636-B68013CCBAC3} = {D051340F-7A3F-4666-A636-B68013CCBAC3}
		{D4A80A22-E223-4E1D-A8A3-B40C75A8898E} = {D4A80A22-E223-4E1D-A8A3-B40C75A8898E}
		{EAEE9F29-0EC1-4515-990B-997FCED81A05} = {EAEE9F29-0EC1-4515-990B-997FCED81A05}
		{3BC4CA33-7F2B-4DA2-ABAF-CD8B474862B8} = {3BC4CA33-7F2B-4DA2-ABAF-CD8B474862B8}
		{1B8F524D-3162-4E5B-87EE-3FD918C543BC} = {1B8F524D-3162-4E5B-87EE-3FD918C543BC}
		{0E673759-1568-4805-9CA5-551B78889DE8} = {0E673759-1568-4805-9CA5-551B78889DE8}
		{F4E99779-8AE4-422A-82A1-AEAE56FAE63E} = {F4E99779-8AE4-422A-82A1-AEAE56FAE63E}
		{9011548E-CF63-4B6F-9C53-47F6A4DBB189} = {9011548E-CF63-4B6F-9C53-47F6A4DBB189}
		{E6BBBB94-32CB-42DE-AC00-08E4066F982E} = {E6BBBB94-32CB-42DE-AC00-08E4066F982E}
		{931E66A7-C950-46E8-8BC2-BCC0772F03BA} = {931E66A7-C950-46E8-8BC2-BCC0772F03BA}
		{5AAA55C2-B01B-4FD6-AD0A-462F8DB0D1A4} = {5AAA55C2-B01B-4FD6-AD0A-462F8DB0D1A4}
		{7EA018CB-D0FE-4F5C-89FF-AB3CD6A844E4} = {7EA018CB-D0FE-4F5C-89FF-AB3CD6A844E4}
		{2853A8EB-3D5A-4C97-AD82-C16AA311A3E0} = {2853A8EB-3D5A-4C97-AD82-C16AA311A3E0}
		{FF8519F7-0322-4F8B-94F8-E1E0C2FBB770} = {FF8519F7-0322-4F8B-94F8-E1E0C2FBB770}
	EndProjectSection
EndProject
Project("{8BC9CEB8-8B4A-11D0-8D11-00A0C91BC942}") = "libamq_wireapi", "..\wireapi\libamq_wireapi.vcproj", "{F4E99779-8AE4-422A-82A1-AEAE56FAE63E}"
	ProjectSection(ProjectDependencies) = postProject
		{3BC4CA33-7F2B-4DA2-ABAF-CD8B474862B8} = {3BC4CA33-7F2B-4DA2-ABAF-CD8B474862B8}
		{1B8F524D-3162-4E5B-87EE-3FD918C543BC} = {1B8F524D-3162-4E5B-87EE-3FD918C543BC}
		{0E673759-1568-4805-9CA5-551B78889DE8} = {0E673759-1568-4805-9CA5-551B78889DE8}
		{9011548E-CF63-4B6F-9C53-47F6A4DBB189} = {9011548E-CF63-4B6F-9C53-47F6A4DBB189}
		{E6BBBB94-32CB-42DE-AC00-08E4066F982E} = {E6BBBB94-32CB-42DE-AC00-08E4066F982E}
		{5AAA55C2-B01B-4FD6-AD0A-462F8DB0D1A4} = {5AAA55C2-B01B-4FD6-AD0A-462F8DB0D1A4}
		{2853A8EB-3D5A-4C97-AD82-C16AA311A3E0} = {2853A8EB-3D5A-4C97-AD82-C16AA311A3E0}
		{FF8519F7-0322-4F8B-94F8-E1E0C2FBB770} = {FF8519F7-0322-4F8B-94F8-E1E0C2FBB770}
	EndProjectSection
EndProject
Project("{8BC9CEB8-8B4A-11D0-8D11-00A0C91BC942}") = "amq_server", "..\server\amq_server.vcproj", "{D051340F-7A3F-4666-A636-B68013CCBAC3}"
	ProjectSection(ProjectDependencies) = postProject
		{D4A80A22-E223-4E1D-A8A3-B40C75A8898E} = {D4A80A22-E223-4E1D-A8A3-B40C75A8898E}
		{EAEE9F29-0EC1-4515-990B-997FCED81A05} = {EAEE9F29-0EC1-4515-990B-997FCED81A05}
		{3BC4CA33-7F2B-4DA2-ABAF-CD8B474862B8} = {3BC4CA33-7F2B-4DA2-ABAF-CD8B474862B8}
		{1B8F524D-3162-4E5B-87EE-3FD918C543BC} = {1B8F524D-3162-4E5B-87EE-3FD918C543BC}
		{0E673759-1568-4805-9CA5-551B78889DE8} = {0E673759-1568-4805-9CA5-551B78889DE8}
		{F4E99779-8AE4-422A-82A1-AEAE56FAE63E} = {F4E99779-8AE4-422A-82A1-AEAE56FAE63E}
		{9011548E-CF63-4B6F-9C53-47F6A4DBB189} = {9011548E-CF63-4B6F-9C53-47F6A4DBB189}
		{E6BBBB94-32CB-42DE-AC00-08E4066F982E} = {E6BBBB94-32CB-42DE-AC00-08E4066F982E}
		{931E66A7-C950-46E8-8BC2-BCC0772F03BA} = {931E66A7-C950-46E8-8BC2-BCC0772F03BA}
		{5AAA55C2-B01B-4FD6-AD0A-462F8DB0D1A4} = {5AAA55C2-B01B-4FD6-AD0A-462F8DB0D1A4}
		{2853A8EB-3D5A-4C97-AD82-C16AA311A3E0} = {2853A8EB-3D5A-4C97-AD82-C16AA311A3E0}
		{FF8519F7-0322-4F8B-94F8-E1E0C2FBB770} = {FF8519F7-0322-4F8B-94F8-E1E0C2FBB770}
	EndProjectSection
EndProject
Project("{8BC9CEB8-8B4A-11D0-8D11-00A0C91BC942}") = "amq_client", "..\wireapi\amq_client.vcproj", "{D4A80A22-E223-4E1D-A8A3-B40C75A8898E}"
	ProjectSection(ProjectDependencies) = postProject
		{EAEE9F29-0EC1-4515-990B-997FCED81A05} = {EAEE9F29-0EC1-4515-990B-997FCED81A05}
		{3BC4CA33-7F2B-4DA2-ABAF-CD8B474862B8} = {3BC4CA33-7F2B-4DA2-ABAF-CD8B474862B8}
		{1B8F524D-3162-4E5B-87EE-3FD918C543BC} = {1B8F524D-3162-4E5B-87EE-3FD918C543BC}
		{0E673759-1568-4805-9CA5-551B78889DE8} = {0E673759-1568-4805-9CA5-551B78889DE8}
		{F4E99779-8AE4-422A-82A1-AEAE56FAE63E} = {F4E99779-8AE4-422A-82A1-AEAE56FAE63E}
		{9011548E-CF63-4B6F-9C53-47F6A4DBB189} = {9011548E-CF63-4B6F-9C53-47F6A4DBB189}
		{E6BBBB94-32CB-42DE-AC00-08E4066F982E} = {E6BBBB94-32CB-42DE-AC00-08E4066F982E}
		{5AAA55C2-B01B-4FD6-AD0A-462F8DB0D1A4} = {5AAA55C2-B01B-4FD6-AD0A-462F8DB0D1A4}
		{2853A8EB-3D5A-4C97-AD82-C16AA311A3E0} = {2853A8EB-3D5A-4C97-AD82-C16AA311A3E0}
		{FF8519F7-0322-4F8B-94F8-E1E0C2FBB770} = {FF8519F7-0322-4F8B-94F8-E1E0C2FBB770}
	EndProjectSection
EndProject
Project("{8BC9CEB8-8B4A-11D0-8D11-00A0C91BC942}") = "libamq_zyre", "..\zyre\libamq_zyre.vcproj", "{0A958AB7-6BAA-43E7-87E7-0457D4867F8D}"
	ProjectSection(ProjectDependencies) = postProject
		{3BC4CA33-7F2B-4DA2-ABAF-CD8B474862B8} = {3BC4CA33-7F2B-4DA2-ABAF-CD8B474862B8}
		{1B8F524D-3162-4E5B-87EE-3FD918C543BC} = {1B8F524D-3162-4E5B-87EE-3FD918C543BC}
		{0E673759-1568-4805-9CA5-551B78889DE8} = {0E673759-1568-4805-9CA5-551B78889DE8}
		{F4E99779-8AE4-422A-82A1-AEAE56FAE63E} = {F4E99779-8AE4-422A-82A1-AEAE56FAE63E}
		{9011548E-CF63-4B6F-9C53-47F6A4DBB189} = {9011548E-CF63-4B6F-9C53-47F6A4DBB189}
		{E6BBBB94-32CB-42DE-AC00-08E4066F982E} = {E6BBBB94-32CB-42DE-AC00-08E4066F982E}
		{B5612296-1BA9-4B12-B92E-699F7C542885} = {B5612296-1BA9-4B12-B92E-699F7C542885}
		{931E66A7-C950-46E8-8BC2-BCC0772F03BA} = {931E66A7-C950-46E8-8BC2-BCC0772F03BA}
		{5AAA55C2-B01B-4FD6-AD0A-462F8DB0D1A4} = {5AAA55C2-B01B-4FD6-AD0A-462F8DB0D1A4}
		{7EA018CB-D0FE-4F5C-89FF-AB3CD6A844E4} = {7EA018CB-D0FE-4F5C-89FF-AB3CD6A844E4}
		{2853A8EB-3D5A-4C97-AD82-C16AA311A3E0} = {2853A8EB-3D5A-4C97-AD82-C16AA311A3E0}
		{FF8519F7-0322-4F8B-94F8-E1E0C2FBB770} = {FF8519F7-0322-4F8B-94F8-E1E0C2FBB770}
	EndProjectSection
EndProject
Project("{8BC9CEB8-8B4A-11D0-8D11-00A0C91BC942}") = "zyre", "..\zyre\zyre.vcproj", "{3C858484-C299-4878-8867-189DD4F52BB2}"
	ProjectSection(ProjectDependencies) = postProject
		{D051340F-7A3F-4666-A636-B68013CCBAC3} = {D051340F-7A3F-4666-A636-B68013CCBAC3}
		{D4A80A22-E223-4E1D-A8A3-B40C75A8898E} = {D4A80A22-E223-4E1D-A8A3-B40C75A8898E}
		{8BA1DE28-1C3D-4059-A4BB-365A482F97C2} = {8BA1DE28-1C3D-4059-A4BB-365A482F97C2}
		{EAEE9F29-0EC1-4515-990B-997FCED81A05} = {EAEE9F29-0EC1-4515-990B-997FCED81A05}
		{3BC4CA33-7F2B-4DA2-ABAF-CD8B474862B8} = {3BC4CA33-7F2B-4DA2-ABAF-CD8B474862B8}
		{1B8F524D-3162-4E5B-87EE-3FD918C543BC} = {1B8F524D-3162-4E5B-87EE-3FD918C543BC}
		{0E673759-1568-4805-9CA5-551B78889DE8} = {0E673759-1568-4805-9CA5-551B78889DE8}
		{F4E99779-8AE4-422A-82A1-AEAE56FAE63E} = {F4E99779-8AE4-422A-82A1-AEAE56FAE63E}
		{9011548E-CF63-4B6F-9C53-47F6A4DBB189} = {9011548E-CF63-4B6F-9C53-47F6A4DBB189}
		{E6BBBB94-32CB-42DE-AC00-08E4066F982E} = {E6BBBB94-32CB-42DE-AC00-08E4066F982E}
		{B5612296-1BA9-4B12-B92E-699F7C542885} = {B5612296-1BA9-4B12-B92E-699F7C542885}
		{931E66A7-C950-46E8-8BC2-BCC0772F03BA} = {931E66A7-C950-46E8-8BC2-BCC0772F03BA}
		{0A958AB7-6BAA-43E7-87E7-0457D4867F8D} = {0A958AB7-6BAA-43E7-87E7-0457D4867F8D}
		{5AAA55C2-B01B-4FD6-AD0A-462F8DB0D1A4} = {5AAA55C2-B01B-4FD6-AD0A-462F8DB0D1A4}
		{7EA018CB-D0FE-4F5C-89FF-AB3CD6A844E4} = {7EA018CB-D0FE-4F5C-89FF-AB3CD6A844E4}
		{2853A8EB-3D5A-4C97-AD82-C16AA311A3E0} = {2853A8EB-3D5A-4C97-AD82-C16AA311A3E0}
		{FF8519F7-0322-4F8B-94F8-E1E0C2FBB770} = {FF8519F7-0322-4F8B-94F8-E1E0C2FBB770}
	EndProjectSection
EndProject
Project("{8BC9CEB8-8B4A-11D0-8D11-00A0C91BC942}") = "libamq_shell", "..\shell\libamq_shell.vcproj", "{7EA018CB-D0FE-4F5C-89FF-AB3CD6A844E4}"
	ProjectSection(ProjectDependencies) = postProject
		{D051340F-7A3F-4666-A636-B68013CCBAC3} = {D051340F-7A3F-4666-A636-B68013CCBAC3}
		{3BC4CA33-7F2B-4DA2-ABAF-CD8B474862B8} = {3BC4CA33-7F2B-4DA2-ABAF-CD8B474862B8}
		{1B8F524D-3162-4E5B-87EE-3FD918C543BC} = {1B8F524D-3162-4E5B-87EE-3FD918C543BC}
		{0E673759-1568-4805-9CA5-551B78889DE8} = {0E673759-1568-4805-9CA5-551B78889DE8}
		{F4E99779-8AE4-422A-82A1-AEAE56FAE63E} = {F4E99779-8AE4-422A-82A1-AEAE56FAE63E}
		{9011548E-CF63-4B6F-9C53-47F6A4DBB189} = {9011548E-CF63-4B6F-9C53-47F6A4DBB189}
		{E6BBBB94-32CB-42DE-AC00-08E4066F982E} = {E6BBBB94-32CB-42DE-AC00-08E4066F982E}
		{931E66A7-C950-46E8-8BC2-BCC0772F03BA} = {931E66A7-C950-46E8-8BC2-BCC0772F03BA}
		{5AAA55C2-B01B-4FD6-AD0A-462F8DB0D1A4} = {5AAA55C2-B01B-4FD6-AD0A-462F8DB0D1A4}
		{2853A8EB-3D5A-4C97-AD82-C16AA311A3E0} = {2853A8EB-3D5A-4C97-AD82-C16AA311A3E0}
		{FF8519F7-0322-4F8B-94F8-E1E0C2FBB770} = {FF8519F7-0322-4F8B-94F8-E1E0C2FBB770}
	EndProjectSection
EndProject
Project("{8BC9CEB8-8B4A-11D0-8D11-00A0C91BC942}") = "libpcre", "..\..\foreign\pcre\libpcre.vcproj", "{1B8F524D-3162-4E5B-87EE-3FD918C543BC}"
	ProjectSection(ProjectDependencies) = postProject
		{828FC0A7-BADA-4147-BDD8-9ED21F340646} = {828FC0A7-BADA-4147-BDD8-9ED21F340646}
		{D3DFE9EB-124D-4F77-B941-650AC3FC0DC3} = {D3DFE9EB-124D-4F77-B941-650AC3FC0DC3}
	EndProjectSection
EndProject
Project("{8BC9CEB8-8B4A-11D0-8D11-00A0C91BC942}") = "libzip", "..\..\foreign\zlib\libzip.vcproj", "{FF8519F7-0322-4F8B-94F8-E1E0C2FBB770}"
	ProjectSection(ProjectDependencies) = postProject
		{1B8F524D-3162-4E5B-87EE-3FD918C543BC} = {1B8F524D-3162-4E5B-87EE-3FD918C543BC}
		{828FC0A7-BADA-4147-BDD8-9ED21F340646} = {828FC0A7-BADA-4147-BDD8-9ED21F340646}
		{D3DFE9EB-124D-4F77-B941-650AC3FC0DC3} = {D3DFE9EB-124D-4F77-B941-650AC3FC0DC3}
	EndProjectSection
EndProject
Project("{8BC9CEB8-8B4A-11D0-8D11-00A0C91BC942}") = "apr", "..\..\foreign\apr\apr\apr-imatix.vcproj", "{D3DFE9EB-124D-4F77-B941-650AC3FC0DC3}"
EndProject
Project("{8BC9CEB8-8B4A-11D0-8D11-00A0C91BC942}") = "aprutil", "..\..\foreign\apr\apr-util\aprutil-imatix.vcproj", "{828FC0A7-BADA-4147-BDD8-9ED21F340646}"
	ProjectSection(ProjectDependencies) = postProject
		{D3DFE9EB-124D-4F77-B941-650AC3FC0DC3} = {D3DFE9EB-124D-4F77-B941-650AC3FC0DC3}
	EndProjectSection
EndProject
Project("{8BC9CEB8-8B4A-11D0-8D11-00A0C91BC942}") = "libopf", "..\..\base2\opf\libopf.vcproj", "{EAEE9F29-0EC1-4515-990B-997FCED81A05}"
	ProjectSection(ProjectDependencies) = postProject
		{9011548E-CF63-4B6F-9C53-47F6A4DBB189} = {9011548E-CF63-4B6F-9C53-47F6A4DBB189}
		{5AAA55C2-B01B-4FD6-AD0A-462F8DB0D1A4} = {5AAA55C2-B01B-4FD6-AD0A-462F8DB0D1A4}
		{2853A8EB-3D5A-4C97-AD82-C16AA311A3E0} = {2853A8EB-3D5A-4C97-AD82-C16AA311A3E0}
	EndProjectSection
EndProject
Project("{8BC9CEB8-8B4A-11D0-8D11-00A0C91BC942}") = "xitami", "..\..\base2\xitami\xitami.vcproj", "{8BA1DE28-1C3D-4059-A4BB-365A482F97C2}"
	ProjectSection(ProjectDependencies) = postProject
		{EAEE9F29-0EC1-4515-990B-997FCED81A05} = {EAEE9F29-0EC1-4515-990B-997FCED81A05}
		{3BC4CA33-7F2B-4DA2-ABAF-CD8B474862B8} = {3BC4CA33-7F2B-4DA2-ABAF-CD8B474862B8}
		{1B8F524D-3162-4E5B-87EE-3FD918C543BC} = {1B8F524D-3162-4E5B-87EE-3FD918C543BC}
		{9011548E-CF63-4B6F-9C53-47F6A4DBB189} = {9011548E-CF63-4B6F-9C53-47F6A4DBB189}
		{E6BBBB94-32CB-42DE-AC00-08E4066F982E} = {E6BBBB94-32CB-42DE-AC00-08E4066F982E}
		{828FC0A7-BADA-4147-BDD8-9ED21F340646} = {828FC0A7-BADA-4147-BDD8-9ED21F340646}
		{5AAA55C2-B01B-4FD6-AD0A-462F8DB0D1A4} = {5AAA55C2-B01B-4FD6-AD0A-462F8DB0D1A4}
		{2853A8EB-3D5A-4C97-AD82-C16AA311A3E0} = {2853A8EB-3D5A-4C97-AD82-C16AA311A3E0}
		{D3DFE9EB-124D-4F77-B941-650AC3FC0DC3} = {D3DFE9EB-124D-4F77-B941-650AC3FC0DC3}
		{FF8519F7-0322-4F8B-94F8-E1E0C2FBB770} = {FF8519F7-0322-4F8B-94F8-E1E0C2FBB770}
	EndProjectSection
EndProject
Global
	GlobalSection(SolutionConfigurationPlatforms) = preSolution
		Debug|Win32 = Debug|Win32
		DebugNT|Win32 = DebugNT|Win32
		Release|Win32 = Release|Win32
		ReleaseNT|Win32 = ReleaseNT|Win32
	EndGlobalSection
	GlobalSection(ProjectConfigurationPlatforms) = postSolution
		{E6BBBB94-32CB-42DE-AC00-08E4066F982E}.Debug|Win32.ActiveCfg = Debug|Win32
		{E6BBBB94-32CB-42DE-AC00-08E4066F982E}.Debug|Win32.Build.0 = Debug|Win32
		{E6BBBB94-32CB-42DE-AC00-08E4066F982E}.DebugNT|Win32.ActiveCfg = Debug|Win32
		{E6BBBB94-32CB-42DE-AC00-08E4066F982E}.DebugNT|Win32.Build.0 = Debug|Win32
		{E6BBBB94-32CB-42DE-AC00-08E4066F982E}.Release|Win32.ActiveCfg = Release|Win32
		{E6BBBB94-32CB-42DE-AC00-08E4066F982E}.Release|Win32.Build.0 = Release|Win32
		{E6BBBB94-32CB-42DE-AC00-08E4066F982E}.ReleaseNT|Win32.ActiveCfg = Release|Win32
		{E6BBBB94-32CB-42DE-AC00-08E4066F982E}.ReleaseNT|Win32.Build.0 = Release|Win32
		{3BC4CA33-7F2B-4DA2-ABAF-CD8B474862B8}.Debug|Win32.ActiveCfg = Debug|Win32
		{3BC4CA33-7F2B-4DA2-ABAF-CD8B474862B8}.Debug|Win32.Build.0 = Debug|Win32
		{3BC4CA33-7F2B-4DA2-ABAF-CD8B474862B8}.DebugNT|Win32.ActiveCfg = Debug|Win32
		{3BC4CA33-7F2B-4DA2-ABAF-CD8B474862B8}.DebugNT|Win32.Build.0 = Debug|Win32
		{3BC4CA33-7F2B-4DA2-ABAF-CD8B474862B8}.Release|Win32.ActiveCfg = Release|Win32
		{3BC4CA33-7F2B-4DA2-ABAF-CD8B474862B8}.Release|Win32.Build.0 = Release|Win32
		{3BC4CA33-7F2B-4DA2-ABAF-CD8B474862B8}.ReleaseNT|Win32.ActiveCfg = Release|Win32
		{3BC4CA33-7F2B-4DA2-ABAF-CD8B474862B8}.ReleaseNT|Win32.Build.0 = Release|Win32
		{9011548E-CF63-4B6F-9C53-47F6A4DBB189}.Debug|Win32.ActiveCfg = Debug|Win32
		{9011548E-CF63-4B6F-9C53-47F6A4DBB189}.Debug|Win32.Build.0 = Debug|Win32
		{9011548E-CF63-4B6F-9C53-47F6A4DBB189}.DebugNT|Win32.ActiveCfg = Debug|Win32
		{9011548E-CF63-4B6F-9C53-47F6A4DBB189}.DebugNT|Win32.Build.0 = Debug|Win32
		{9011548E-CF63-4B6F-9C53-47F6A4DBB189}.Release|Win32.ActiveCfg = Release|Win32
		{9011548E-CF63-4B6F-9C53-47F6A4DBB189}.Release|Win32.Build.0 = Release|Win32
		{9011548E-CF63-4B6F-9C53-47F6A4DBB189}.ReleaseNT|Win32.ActiveCfg = Release|Win32
		{9011548E-CF63-4B6F-9C53-47F6A4DBB189}.ReleaseNT|Win32.Build.0 = Release|Win32
		{5AAA55C2-B01B-4FD6-AD0A-462F8DB0D1A4}.Debug|Win32.ActiveCfg = Debug|Win32
		{5AAA55C2-B01B-4FD6-AD0A-462F8DB0D1A4}.Debug|Win32.Build.0 = Debug|Win32
		{5AAA55C2-B01B-4FD6-AD0A-462F8DB0D1A4}.DebugNT|Win32.ActiveCfg = Debug|Win32
		{5AAA55C2-B01B-4FD6-AD0A-462F8DB0D1A4}.DebugNT|Win32.Build.0 = Debug|Win32
		{5AAA55C2-B01B-4FD6-AD0A-462F8DB0D1A4}.Release|Win32.ActiveCfg = Release|Win32
		{5AAA55C2-B01B-4FD6-AD0A-462F8DB0D1A4}.Release|Win32.Build.0 = Release|Win32
		{5AAA55C2-B01B-4FD6-AD0A-462F8DB0D1A4}.ReleaseNT|Win32.ActiveCfg = Release|Win32
		{5AAA55C2-B01B-4FD6-AD0A-462F8DB0D1A4}.ReleaseNT|Win32.Build.0 = Release|Win32
		{2853A8EB-3D5A-4C97-AD82-C16AA311A3E0}.Debug|Win32.ActiveCfg = Debug|Win32
		{2853A8EB-3D5A-4C97-AD82-C16AA311A3E0}.Debug|Win32.Build.0 = Debug|Win32
		{2853A8EB-3D5A-4C97-AD82-C16AA311A3E0}.DebugNT|Win32.ActiveCfg = Debug|Win32
		{2853A8EB-3D5A-4C97-AD82-C16AA311A3E0}.DebugNT|Win32.Build.0 = Debug|Win32
		{2853A8EB-3D5A-4C97-AD82-C16AA311A3E0}.Release|Win32.ActiveCfg = Release|Win32
		{2853A8EB-3D5A-4C97-AD82-C16AA311A3E0}.Release|Win32.Build.0 = Release|Win32
		{2853A8EB-3D5A-4C97-AD82-C16AA311A3E0}.ReleaseNT|Win32.ActiveCfg = Release|Win32
		{2853A8EB-3D5A-4C97-AD82-C16AA311A3E0}.ReleaseNT|Win32.Build.0 = Release|Win32
		{0E673759-1568-4805-9CA5-551B78889DE8}.Debug|Win32.ActiveCfg = Debug|Win32
		{0E673759-1568-4805-9CA5-551B78889DE8}.Debug|Win32.Build.0 = Debug|Win32
		{0E673759-1568-4805-9CA5-551B78889DE8}.DebugNT|Win32.ActiveCfg = Debug|Win32
		{0E673759-1568-4805-9CA5-551B78889DE8}.DebugNT|Win32.Build.0 = Debug|Win32
		{0E673759-1568-4805-9CA5-551B78889DE8}.Release|Win32.ActiveCfg = Release|Win32
		{0E673759-1568-4805-9CA5-551B78889DE8}.Release|Win32.Build.0 = Release|Win32
		{0E673759-1568-4805-9CA5-551B78889DE8}.ReleaseNT|Win32.ActiveCfg = Release|Win32
		{0E673759-1568-4805-9CA5-551B78889DE8}.ReleaseNT|Win32.Build.0 = Release|Win32
		{931E66A7-C950-46E8-8BC2-BCC0772F03BA}.Debug|Win32.ActiveCfg = Debug|Win32
		{931E66A7-C950-46E8-8BC2-BCC0772F03BA}.Debug|Win32.Build.0 = Debug|Win32
		{931E66A7-C950-46E8-8BC2-BCC0772F03BA}.DebugNT|Win32.ActiveCfg = Debug|Win32
		{931E66A7-C950-46E8-8BC2-BCC0772F03BA}.DebugNT|Win32.Build.0 = Debug|Win32
		{931E66A7-C950-46E8-8BC2-BCC0772F03BA}.Release|Win32.ActiveCfg = Release|Win32
		{931E66A7-C950-46E8-8BC2-BCC0772F03BA}.Release|Win32.Build.0 = Release|Win32
		{931E66A7-C950-46E8-8BC2-BCC0772F03BA}.ReleaseNT|Win32.ActiveCfg = Release|Win32
		{931E66A7-C950-46E8-8BC2-BCC0772F03BA}.ReleaseNT|Win32.Build.0 = Release|Win32
		{B5612296-1BA9-4B12-B92E-699F7C542885}.Debug|Win32.ActiveCfg = Debug|Win32
		{B5612296-1BA9-4B12-B92E-699F7C542885}.Debug|Win32.Build.0 = Debug|Win32
		{B5612296-1BA9-4B12-B92E-699F7C542885}.DebugNT|Win32.ActiveCfg = Debug|Win32
		{B5612296-1BA9-4B12-B92E-699F7C542885}.DebugNT|Win32.Build.0 = Debug|Win32
		{B5612296-1BA9-4B12-B92E-699F7C542885}.Release|Win32.ActiveCfg = Release|Win32
		{B5612296-1BA9-4B12-B92E-699F7C542885}.Release|Win32.Build.0 = Release|Win32
		{B5612296-1BA9-4B12-B92E-699F7C542885}.ReleaseNT|Win32.ActiveCfg = Release|Win32
		{B5612296-1BA9-4B12-B92E-699F7C542885}.ReleaseNT|Win32.Build.0 = Release|Win32
		{F4E99779-8AE4-422A-82A1-AEAE56FAE63E}.Debug|Win32.ActiveCfg = Debug|Win32
		{F4E99779-8AE4-422A-82A1-AEAE56FAE63E}.Debug|Win32.Build.0 = Debug|Win32
		{F4E99779-8AE4-422A-82A1-AEAE56FAE63E}.DebugNT|Win32.ActiveCfg = Debug|Win32
		{F4E99779-8AE4-422A-82A1-AEAE56FAE63E}.DebugNT|Win32.Build.0 = Debug|Win32
		{F4E99779-8AE4-422A-82A1-AEAE56FAE63E}.Release|Win32.ActiveCfg = Release|Win32
		{F4E99779-8AE4-422A-82A1-AEAE56FAE63E}.Release|Win32.Build.0 = Release|Win32
		{F4E99779-8AE4-422A-82A1-AEAE56FAE63E}.ReleaseNT|Win32.ActiveCfg = Release|Win32
		{F4E99779-8AE4-422A-82A1-AEAE56FAE63E}.ReleaseNT|Win32.Build.0 = Release|Win32
		{D051340F-7A3F-4666-A636-B68013CCBAC3}.Debug|Win32.ActiveCfg = Debug|Win32
		{D051340F-7A3F-4666-A636-B68013CCBAC3}.Debug|Win32.Build.0 = Debug|Win32
		{D051340F-7A3F-4666-A636-B68013CCBAC3}.DebugNT|Win32.ActiveCfg = Debug|Win32
		{D051340F-7A3F-4666-A636-B68013CCBAC3}.DebugNT|Win32.Build.0 = Debug|Win32
		{D051340F-7A3F-4666-A636-B68013CCBAC3}.Release|Win32.ActiveCfg = Release|Win32
		{D051340F-7A3F-4666-A636-B68013CCBAC3}.Release|Win32.Build.0 = Release|Win32
		{D051340F-7A3F-4666-A636-B68013CCBAC3}.ReleaseNT|Win32.ActiveCfg = Release|Win32
		{D051340F-7A3F-4666-A636-B68013CCBAC3}.ReleaseNT|Win32.Build.0 = Release|Win32
		{D4A80A22-E223-4E1D-A8A3-B40C75A8898E}.Debug|Win32.ActiveCfg = Debug|Win32
		{D4A80A22-E223-4E1D-A8A3-B40C75A8898E}.Debug|Win32.Build.0 = Debug|Win32
		{D4A80A22-E223-4E1D-A8A3-B40C75A8898E}.DebugNT|Win32.ActiveCfg = Debug|Win32
		{D4A80A22-E223-4E1D-A8A3-B40C75A8898E}.DebugNT|Win32.Build.0 = Debug|Win32
		{D4A80A22-E223-4E1D-A8A3-B40C75A8898E}.Release|Win32.ActiveCfg = Release|Win32
		{D4A80A22-E223-4E1D-A8A3-B40C75A8898E}.Release|Win32.Build.0 = Release|Win32
		{D4A80A22-E223-4E1D-A8A3-B40C75A8898E}.ReleaseNT|Win32.ActiveCfg = Release|Win32
		{D4A80A22-E223-4E1D-A8A3-B40C75A8898E}.ReleaseNT|Win32.Build.0 = Release|Win32
		{0A958AB7-6BAA-43E7-87E7-0457D4867F8D}.Debug|Win32.ActiveCfg = Debug|Win32
		{0A958AB7-6BAA-43E7-87E7-0457D4867F8D}.Debug|Win32.Build.0 = Debug|Win32
		{0A958AB7-6BAA-43E7-87E7-0457D4867F8D}.DebugNT|Win32.ActiveCfg = Debug|Win32
		{0A958AB7-6BAA-43E7-87E7-0457D4867F8D}.DebugNT|Win32.Build.0 = Debug|Win32
		{0A958AB7-6BAA-43E7-87E7-0457D4867F8D}.Release|Win32.ActiveCfg = Release|Win32
		{0A958AB7-6BAA-43E7-87E7-0457D4867F8D}.Release|Win32.Build.0 = Release|Win32
		{0A958AB7-6BAA-43E7-87E7-0457D4867F8D}.ReleaseNT|Win32.ActiveCfg = Release|Win32
		{0A958AB7-6BAA-43E7-87E7-0457D4867F8D}.ReleaseNT|Win32.Build.0 = Release|Win32
		{3C858484-C299-4878-8867-189DD4F52BB2}.Debug|Win32.ActiveCfg = Debug|Win32
		{3C858484-C299-4878-8867-189DD4F52BB2}.Debug|Win32.Build.0 = Debug|Win32
		{3C858484-C299-4878-8867-189DD4F52BB2}.DebugNT|Win32.ActiveCfg = Debug|Win32
		{3C858484-C299-4878-8867-189DD4F52BB2}.DebugNT|Win32.Build.0 = Debug|Win32
		{3C858484-C299-4878-8867-189DD4F52BB2}.Release|Win32.ActiveCfg = Release|Win32
		{3C858484-C299-4878-8867-189DD4F52BB2}.Release|Win32.Build.0 = Release|Win32
		{3C858484-C299-4878-8867-189DD4F52BB2}.ReleaseNT|Win32.ActiveCfg = Release|Win32
		{3C858484-C299-4878-8867-189DD4F52BB2}.ReleaseNT|Win32.Build.0 = Release|Win32
		{7EA018CB-D0FE-4F5C-89FF-AB3CD6A844E4}.Debug|Win32.ActiveCfg = Debug|Win32
		{7EA018CB-D0FE-4F5C-89FF-AB3CD6A844E4}.Debug|Win32.Build.0 = Debug|Win32
		{7EA018CB-D0FE-4F5C-89FF-AB3CD6A844E4}.DebugNT|Win32.ActiveCfg = Debug|Win32
		{7EA018CB-D0FE-4F5C-89FF-AB3CD6A844E4}.DebugNT|Win32.Build.0 = Debug|Win32
		{7EA018CB-D0FE-4F5C-89FF-AB3CD6A844E4}.Release|Win32.ActiveCfg = Release|Win32
		{7EA018CB-D0FE-4F5C-89FF-AB3CD6A844E4}.Release|Win32.Build.0 = Release|Win32
		{7EA018CB-D0FE-4F5C-89FF-AB3CD6A844E4}.ReleaseNT|Win32.ActiveCfg = Release|Win32
		{7EA018CB-D0FE-4F5C-89FF-AB3CD6A844E4}.ReleaseNT|Win32.Build.0 = Release|Win32
		{1B8F524D-3162-4E5B-87EE-3FD918C543BC}.Debug|Win32.ActiveCfg = Debug|Win32
		{1B8F524D-3162-4E5B-87EE-3FD918C543BC}.Debug|Win32.Build.0 = Debug|Win32
		{1B8F524D-3162-4E5B-87EE-3FD918C543BC}.DebugNT|Win32.ActiveCfg = Debug|Win32
		{1B8F524D-3162-4E5B-87EE-3FD918C543BC}.DebugNT|Win32.Build.0 = Debug|Win32
		{1B8F524D-3162-4E5B-87EE-3FD918C543BC}.Release|Win32.ActiveCfg = Release|Win32
		{1B8F524D-3162-4E5B-87EE-3FD918C543BC}.Release|Win32.Build.0 = Release|Win32
		{1B8F524D-3162-4E5B-87EE-3FD918C543BC}.ReleaseNT|Win32.ActiveCfg = Release|Win32
		{1B8F524D-3162-4E5B-87EE-3FD918C543BC}.ReleaseNT|Win32.Build.0 = Release|Win32
		{FF8519F7-0322-4F8B-94F8-E1E0C2FBB770}.Debug|Win32.ActiveCfg = Debug|Win32
		{FF8519F7-0322-4F8B-94F8-E1E0C2FBB770}.Debug|Win32.Build.0 = Debug|Win32
		{FF8519F7-0322-4F8B-94F8-E1E0C2FBB770}.DebugNT|Win32.ActiveCfg = Debug|Win32
		{FF8519F7-0322-4F8B-94F8-E1E0C2FBB770}.DebugNT|Win32.Build.0 = Debug|Win32
		{FF8519F7-0322-4F8B-94F8-E1E0C2FBB770}.Release|Win32.ActiveCfg = Release|Win32
		{FF8519F7-0322-4F8B-94F8-E1E0C2FBB770}.Release|Win32.Build.0 = Release|Win32
		{FF8519F7-0322-4F8B-94F8-E1E0C2FBB770}.ReleaseNT|Win32.ActiveCfg = Release|Win32
		{FF8519F7-0322-4F8B-94F8-E1E0C2FBB770}.ReleaseNT|Win32.Build.0 = Release|Win32
		{D3DFE9EB-124D-4F77-B941-650AC3FC0DC3}.Debug|Win32.ActiveCfg = Debug|Win32
		{D3DFE9EB-124D-4F77-B941-650AC3FC0DC3}.Debug|Win32.Build.0 = Debug|Win32
		{D3DFE9EB-124D-4F77-B941-650AC3FC0DC3}.DebugNT|Win32.ActiveCfg = DebugNT|Win32
		{D3DFE9EB-124D-4F77-B941-650AC3FC0DC3}.DebugNT|Win32.Build.0 = DebugNT|Win32
		{D3DFE9EB-124D-4F77-B941-650AC3FC0DC3}.Release|Win32.ActiveCfg = Release|Win32
		{D3DFE9EB-124D-4F77-B941-650AC3FC0DC3}.Release|Win32.Build.0 = Release|Win32
		{D3DFE9EB-124D-4F77-B941-650AC3FC0DC3}.ReleaseNT|Win32.ActiveCfg = ReleaseNT|Win32
		{D3DFE9EB-124D-4F77-B941-650AC3FC0DC3}.ReleaseNT|Win32.Build.0 = ReleaseNT|Win32
		{828FC0A7-BADA-4147-BDD8-9ED21F340646}.Debug|Win32.ActiveCfg = Debug|Win32
		{828FC0A7-BADA-4147-BDD8-9ED21F340646}.Debug|Win32.Build.0 = Debug|Win32
		{828FC0A7-BADA-4147-BDD8-9ED21F340646}.DebugNT|Win32.ActiveCfg = Debug|Win32
		{828FC0A7-BADA-4147-BDD8-9ED21F340646}.DebugNT|Win32.Build.0 = Debug|Win32
		{828FC0A7-BADA-4147-BDD8-9ED21F340646}.Release|Win32.ActiveCfg = Release|Win32
		{828FC0A7-BADA-4147-BDD8-9ED21F340646}.Release|Win32.Build.0 = Release|Win32
		{828FC0A7-BADA-4147-BDD8-9ED21F340646}.ReleaseNT|Win32.ActiveCfg = Release|Win32
		{828FC0A7-BADA-4147-BDD8-9ED21F340646}.ReleaseNT|Win32.Build.0 = Release|Win32
		{EAEE9F29-0EC1-4515-990B-997FCED81A05}.Debug|Win32.ActiveCfg = Debug|Win32
		{EAEE9F29-0EC1-4515-990B-997FCED81A05}.Debug|Win32.Build.0 = Debug|Win32
		{EAEE9F29-0EC1-4515-990B-997FCED81A05}.DebugNT|Win32.ActiveCfg = Debug|Win32
		{EAEE9F29-0EC1-4515-990B-997FCED81A05}.DebugNT|Win32.Build.0 = Debug|Win32
		{EAEE9F29-0EC1-4515-990B-997FCED81A05}.Release|Win32.ActiveCfg = Release|Win32
		{EAEE9F29-0EC1-4515-990B-997FCED81A05}.Release|Win32.Build.0 = Release|Win32
		{EAEE9F29-0EC1-4515-990B-997FCED81A05}.ReleaseNT|Win32.ActiveCfg = Release|Win32
		{EAEE9F29-0EC1-4515-990B-997FCED81A05}.ReleaseNT|Win32.Build.0 = Release|Win32
		{8BA1DE28-1C3D-4059-A4BB-365A482F97C2}.Debug|Win32.ActiveCfg = Debug|Win32
		{8BA1DE28-1C3D-4059-A4BB-365A482F97C2}.Debug|Win32.Build.0 = Debug|Win32
		{8BA1DE28-1C3D-4059-A4BB-365A482F97C2}.DebugNT|Win32.ActiveCfg = Debug|Win32
		{8BA1DE28-1C3D-4059-A4BB-365A482F97C2}.DebugNT|Win32.Build.0 = Debug|Win32
		{8BA1DE28-1C3D-4059-A4BB-365A482F97C2}.Release|Win32.ActiveCfg = Release|Win32
		{8BA1DE28-1C3D-4059-A4BB-365A482F97C2}.Release|Win32.Build.0 = Release|Win32
		{8BA1DE28-1C3D-4059-A4BB-365A482F97C2}.ReleaseNT|Win32.ActiveCfg = Release|Win32
		{8BA1DE28-1C3D-4059-A4BB-365A482F97C2}.ReleaseNT|Win32.Build.0 = Release|Win32
	EndGlobalSection
	GlobalSection(SolutionProperties) = preSolution
		HideSolutionNode = FALSE
	EndGlobalSection
EndGlobal
