
Microsoft Visual Studio Solution File, Format Version 10.00
# Visual C++ Express 2008
Project("{8BC9CEB8-8B4A-11D0-8D11-00A0C91BC942}") = "libpcre", "..\foreign\pcre\libpcre.vcproj", "{1B8F524D-3162-4E5B-87EE-3FD918C543BC}"
EndProject
Project("{8BC9CEB8-8B4A-11D0-8D11-00A0C91BC942}") = "libzip", "..\foreign\zlib\libzip.vcproj", "{FF8519F7-0322-4F8B-94F8-E1E0C2FBB770}"
	ProjectSection(ProjectDependencies) = postProject
		{1B8F524D-3162-4E5B-87EE-3FD918C543BC} = {1B8F524D-3162-4E5B-87EE-3FD918C543BC}
	EndProjectSection
EndProject
Project("{8BC9CEB8-8B4A-11D0-8D11-00A0C91BC942}") = "liblr", "..\base1\libero\liblr.vcproj", "{C13AE1C6-A20B-493C-9F13-9779AA74F5BE}"
	ProjectSection(ProjectDependencies) = postProject
		{FF8519F7-0322-4F8B-94F8-E1E0C2FBB770} = {FF8519F7-0322-4F8B-94F8-E1E0C2FBB770}
	EndProjectSection
EndProject
Project("{8BC9CEB8-8B4A-11D0-8D11-00A0C91BC942}") = "libsfl", "..\base1\sfl\libsfl.vcproj", "{22B3031D-9D99-4347-A604-6995ECBB0BF4}"
	ProjectSection(ProjectDependencies) = postProject
		{BE92365D-E90E-477E-8225-7C9533CE7FB6} = {BE92365D-E90E-477E-8225-7C9533CE7FB6}
		{C13AE1C6-A20B-493C-9F13-9779AA74F5BE} = {C13AE1C6-A20B-493C-9F13-9779AA74F5BE}
	EndProjectSection
EndProject
Project("{8BC9CEB8-8B4A-11D0-8D11-00A0C91BC942}") = "libsmt3", "..\base1\smt\libsmt3.vcproj", "{7290ADBE-AA6F-4D39-B7EC-8A8E997A05A0}"
	ProjectSection(ProjectDependencies) = postProject
		{22B3031D-9D99-4347-A604-6995ECBB0BF4} = {22B3031D-9D99-4347-A604-6995ECBB0BF4}
		{BE92365D-E90E-477E-8225-7C9533CE7FB6} = {BE92365D-E90E-477E-8225-7C9533CE7FB6}
	EndProjectSection
EndProject
Project("{8BC9CEB8-8B4A-11D0-8D11-00A0C91BC942}") = "lr", "..\base1\libero\lr.vcproj", "{BE92365D-E90E-477E-8225-7C9533CE7FB6}"
	ProjectSection(ProjectDependencies) = postProject
		{C13AE1C6-A20B-493C-9F13-9779AA74F5BE} = {C13AE1C6-A20B-493C-9F13-9779AA74F5BE}
	EndProjectSection
EndProject
Project("{8BC9CEB8-8B4A-11D0-8D11-00A0C91BC942}") = "libgsl", "libgsl.vcproj", "{4CB35340-84A5-4BEC-BB19-D2EE666D5E27}"
	ProjectSection(ProjectDependencies) = postProject
		{22B3031D-9D99-4347-A604-6995ECBB0BF4} = {22B3031D-9D99-4347-A604-6995ECBB0BF4}
		{7290ADBE-AA6F-4D39-B7EC-8A8E997A05A0} = {7290ADBE-AA6F-4D39-B7EC-8A8E997A05A0}
	EndProjectSection
EndProject
Project("{8BC9CEB8-8B4A-11D0-8D11-00A0C91BC942}") = "gsl", "gsl.vcproj", "{8BA1DE28-1C3D-4059-A4BB-365A482F97C2}"
	ProjectSection(ProjectDependencies) = postProject
		{22B3031D-9D99-4347-A604-6995ECBB0BF4} = {22B3031D-9D99-4347-A604-6995ECBB0BF4}
		{4CB35340-84A5-4BEC-BB19-D2EE666D5E27} = {4CB35340-84A5-4BEC-BB19-D2EE666D5E27}
		{1B8F524D-3162-4E5B-87EE-3FD918C543BC} = {1B8F524D-3162-4E5B-87EE-3FD918C543BC}
		{7290ADBE-AA6F-4D39-B7EC-8A8E997A05A0} = {7290ADBE-AA6F-4D39-B7EC-8A8E997A05A0}
		{FF8519F7-0322-4F8B-94F8-E1E0C2FBB770} = {FF8519F7-0322-4F8B-94F8-E1E0C2FBB770}
	EndProjectSection
EndProject
Project("{8BC9CEB8-8B4A-11D0-8D11-00A0C91BC942}") = "libgsl3", "..\base1\gsl\libgsl3.vcproj", "{BC7DFC48-5667-4C1B-A575-BEF291B5CFAA}"
	ProjectSection(ProjectDependencies) = postProject
		{22B3031D-9D99-4347-A604-6995ECBB0BF4} = {22B3031D-9D99-4347-A604-6995ECBB0BF4}
		{1B8F524D-3162-4E5B-87EE-3FD918C543BC} = {1B8F524D-3162-4E5B-87EE-3FD918C543BC}
		{7290ADBE-AA6F-4D39-B7EC-8A8E997A05A0} = {7290ADBE-AA6F-4D39-B7EC-8A8E997A05A0}
		{FF8519F7-0322-4F8B-94F8-E1E0C2FBB770} = {FF8519F7-0322-4F8B-94F8-E1E0C2FBB770}
	EndProjectSection
EndProject
Project("{8BC9CEB8-8B4A-11D0-8D11-00A0C91BC942}") = "gsl3", "..\base1\gsl\gsl3.vcproj", "{25DC075E-4EE9-4F1A-A2EB-CDDC45DD0CC6}"
	ProjectSection(ProjectDependencies) = postProject
		{22B3031D-9D99-4347-A604-6995ECBB0BF4} = {22B3031D-9D99-4347-A604-6995ECBB0BF4}
		{BC7DFC48-5667-4C1B-A575-BEF291B5CFAA} = {BC7DFC48-5667-4C1B-A575-BEF291B5CFAA}
		{7290ADBE-AA6F-4D39-B7EC-8A8E997A05A0} = {7290ADBE-AA6F-4D39-B7EC-8A8E997A05A0}
	EndProjectSection
EndProject
Global
	GlobalSection(SolutionConfigurationPlatforms) = preSolution
		Debug|Win32 = Debug|Win32
		Release|Win32 = Release|Win32
	EndGlobalSection
	GlobalSection(ProjectConfigurationPlatforms) = postSolution
		{1B8F524D-3162-4E5B-87EE-3FD918C543BC}.Debug|Win32.ActiveCfg = Debug|Win32
		{1B8F524D-3162-4E5B-87EE-3FD918C543BC}.Debug|Win32.Build.0 = Debug|Win32
		{1B8F524D-3162-4E5B-87EE-3FD918C543BC}.Release|Win32.ActiveCfg = Release|Win32
		{1B8F524D-3162-4E5B-87EE-3FD918C543BC}.Release|Win32.Build.0 = Release|Win32
		{FF8519F7-0322-4F8B-94F8-E1E0C2FBB770}.Debug|Win32.ActiveCfg = Debug|Win32
		{FF8519F7-0322-4F8B-94F8-E1E0C2FBB770}.Debug|Win32.Build.0 = Debug|Win32
		{FF8519F7-0322-4F8B-94F8-E1E0C2FBB770}.Release|Win32.ActiveCfg = Release|Win32
		{FF8519F7-0322-4F8B-94F8-E1E0C2FBB770}.Release|Win32.Build.0 = Release|Win32
		{C13AE1C6-A20B-493C-9F13-9779AA74F5BE}.Debug|Win32.ActiveCfg = Debug|Win32
		{C13AE1C6-A20B-493C-9F13-9779AA74F5BE}.Debug|Win32.Build.0 = Debug|Win32
		{C13AE1C6-A20B-493C-9F13-9779AA74F5BE}.Release|Win32.ActiveCfg = Release|Win32
		{C13AE1C6-A20B-493C-9F13-9779AA74F5BE}.Release|Win32.Build.0 = Release|Win32
		{22B3031D-9D99-4347-A604-6995ECBB0BF4}.Debug|Win32.ActiveCfg = Debug|Win32
		{22B3031D-9D99-4347-A604-6995ECBB0BF4}.Debug|Win32.Build.0 = Debug|Win32
		{22B3031D-9D99-4347-A604-6995ECBB0BF4}.Release|Win32.ActiveCfg = Release|Win32
		{22B3031D-9D99-4347-A604-6995ECBB0BF4}.Release|Win32.Build.0 = Release|Win32
		{7290ADBE-AA6F-4D39-B7EC-8A8E997A05A0}.Debug|Win32.ActiveCfg = Debug|Win32
		{7290ADBE-AA6F-4D39-B7EC-8A8E997A05A0}.Debug|Win32.Build.0 = Debug|Win32
		{7290ADBE-AA6F-4D39-B7EC-8A8E997A05A0}.Release|Win32.ActiveCfg = Release|Win32
		{7290ADBE-AA6F-4D39-B7EC-8A8E997A05A0}.Release|Win32.Build.0 = Release|Win32
		{BE92365D-E90E-477E-8225-7C9533CE7FB6}.Debug|Win32.ActiveCfg = Debug|Win32
		{BE92365D-E90E-477E-8225-7C9533CE7FB6}.Debug|Win32.Build.0 = Debug|Win32
		{BE92365D-E90E-477E-8225-7C9533CE7FB6}.Release|Win32.ActiveCfg = Release|Win32
		{BE92365D-E90E-477E-8225-7C9533CE7FB6}.Release|Win32.Build.0 = Release|Win32
		{4CB35340-84A5-4BEC-BB19-D2EE666D5E27}.Debug|Win32.ActiveCfg = Debug|Win32
		{4CB35340-84A5-4BEC-BB19-D2EE666D5E27}.Debug|Win32.Build.0 = Debug|Win32
		{4CB35340-84A5-4BEC-BB19-D2EE666D5E27}.Release|Win32.ActiveCfg = Release|Win32
		{4CB35340-84A5-4BEC-BB19-D2EE666D5E27}.Release|Win32.Build.0 = Release|Win32
		{8BA1DE28-1C3D-4059-A4BB-365A482F97C2}.Debug|Win32.ActiveCfg = Debug|Win32
		{8BA1DE28-1C3D-4059-A4BB-365A482F97C2}.Debug|Win32.Build.0 = Debug|Win32
		{8BA1DE28-1C3D-4059-A4BB-365A482F97C2}.Release|Win32.ActiveCfg = Release|Win32
		{8BA1DE28-1C3D-4059-A4BB-365A482F97C2}.Release|Win32.Build.0 = Release|Win32
		{BC7DFC48-5667-4C1B-A575-BEF291B5CFAA}.Debug|Win32.ActiveCfg = Debug|Win32
		{BC7DFC48-5667-4C1B-A575-BEF291B5CFAA}.Debug|Win32.Build.0 = Debug|Win32
		{BC7DFC48-5667-4C1B-A575-BEF291B5CFAA}.Release|Win32.ActiveCfg = Release|Win32
		{BC7DFC48-5667-4C1B-A575-BEF291B5CFAA}.Release|Win32.Build.0 = Release|Win32
		{25DC075E-4EE9-4F1A-A2EB-CDDC45DD0CC6}.Debug|Win32.ActiveCfg = Debug|Win32
		{25DC075E-4EE9-4F1A-A2EB-CDDC45DD0CC6}.Debug|Win32.Build.0 = Debug|Win32
		{25DC075E-4EE9-4F1A-A2EB-CDDC45DD0CC6}.Release|Win32.ActiveCfg = Release|Win32
		{25DC075E-4EE9-4F1A-A2EB-CDDC45DD0CC6}.Release|Win32.Build.0 = Release|Win32
	EndGlobalSection
	GlobalSection(SolutionProperties) = preSolution
		HideSolutionNode = FALSE
	EndGlobalSection
EndGlobal
