
Microsoft Visual Studio Solution File, Format Version 10.00
# Visual C++ Express 2008
Project("{8BC9CEB8-8B4A-11D0-8D11-00A0C91BC942}") = "libhttp", "..\http\libhttp.vcproj", "{3BC4CA33-7F2B-4DA2-ABAF-CD8B474862B8}"
	ProjectSection(ProjectDependencies) = postProject
		{EAEE9F29-0EC1-4515-990B-997FCED81A05} = {EAEE9F29-0EC1-4515-990B-997FCED81A05}
		{1B8F524D-3162-4E5B-87EE-3FD918C543BC} = {1B8F524D-3162-4E5B-87EE-3FD918C543BC}
		{9011548E-CF63-4B6F-9C53-47F6A4DBB189} = {9011548E-CF63-4B6F-9C53-47F6A4DBB189}
		{E6BBBB94-32CB-42DE-AC00-08E4066F982E} = {E6BBBB94-32CB-42DE-AC00-08E4066F982E}
		{828FC0A7-BADA-4147-BDD8-9ED21F340646} = {828FC0A7-BADA-4147-BDD8-9ED21F340646}
		{5AAA55C2-B01B-4FD6-AD0A-462F8DB0D1A4} = {5AAA55C2-B01B-4FD6-AD0A-462F8DB0D1A4}
		{2853A8EB-3D5A-4C97-AD82-C16AA311A3E0} = {2853A8EB-3D5A-4C97-AD82-C16AA311A3E0}
		{D3DFE9EB-124D-4F77-B941-650AC3FC0DC3} = {D3DFE9EB-124D-4F77-B941-650AC3FC0DC3}
		{FF8519F7-0322-4F8B-94F8-E1E0C2FBB770} = {FF8519F7-0322-4F8B-94F8-E1E0C2FBB770}
	EndProjectSection
EndProject
Project("{8BC9CEB8-8B4A-11D0-8D11-00A0C91BC942}") = "libicl", "..\icl\libicl.vcproj", "{9011548E-CF63-4B6F-9C53-47F6A4DBB189}"
	ProjectSection(ProjectDependencies) = postProject
		{1B8F524D-3162-4E5B-87EE-3FD918C543BC} = {1B8F524D-3162-4E5B-87EE-3FD918C543BC}
		{828FC0A7-BADA-4147-BDD8-9ED21F340646} = {828FC0A7-BADA-4147-BDD8-9ED21F340646}
		{D3DFE9EB-124D-4F77-B941-650AC3FC0DC3} = {D3DFE9EB-124D-4F77-B941-650AC3FC0DC3}
		{FF8519F7-0322-4F8B-94F8-E1E0C2FBB770} = {FF8519F7-0322-4F8B-94F8-E1E0C2FBB770}
	EndProjectSection
EndProject
Project("{8BC9CEB8-8B4A-11D0-8D11-00A0C91BC942}") = "libipr", "..\ipr\libipr.vcproj", "{5AAA55C2-B01B-4FD6-AD0A-462F8DB0D1A4}"
	ProjectSection(ProjectDependencies) = postProject
		{1B8F524D-3162-4E5B-87EE-3FD918C543BC} = {1B8F524D-3162-4E5B-87EE-3FD918C543BC}
		{9011548E-CF63-4B6F-9C53-47F6A4DBB189} = {9011548E-CF63-4B6F-9C53-47F6A4DBB189}
		{828FC0A7-BADA-4147-BDD8-9ED21F340646} = {828FC0A7-BADA-4147-BDD8-9ED21F340646}
		{D3DFE9EB-124D-4F77-B941-650AC3FC0DC3} = {D3DFE9EB-124D-4F77-B941-650AC3FC0DC3}
		{FF8519F7-0322-4F8B-94F8-E1E0C2FBB770} = {FF8519F7-0322-4F8B-94F8-E1E0C2FBB770}
	EndProjectSection
EndProject
Project("{8BC9CEB8-8B4A-11D0-8D11-00A0C91BC942}") = "libsmt", "..\smt\libsmt.vcproj", "{2853A8EB-3D5A-4C97-AD82-C16AA311A3E0}"
	ProjectSection(ProjectDependencies) = postProject
		{1B8F524D-3162-4E5B-87EE-3FD918C543BC} = {1B8F524D-3162-4E5B-87EE-3FD918C543BC}
		{9011548E-CF63-4B6F-9C53-47F6A4DBB189} = {9011548E-CF63-4B6F-9C53-47F6A4DBB189}
		{828FC0A7-BADA-4147-BDD8-9ED21F340646} = {828FC0A7-BADA-4147-BDD8-9ED21F340646}
		{5AAA55C2-B01B-4FD6-AD0A-462F8DB0D1A4} = {5AAA55C2-B01B-4FD6-AD0A-462F8DB0D1A4}
		{D3DFE9EB-124D-4F77-B941-650AC3FC0DC3} = {D3DFE9EB-124D-4F77-B941-650AC3FC0DC3}
		{FF8519F7-0322-4F8B-94F8-E1E0C2FBB770} = {FF8519F7-0322-4F8B-94F8-E1E0C2FBB770}
	EndProjectSection
EndProject
Project("{8BC9CEB8-8B4A-11D0-8D11-00A0C91BC942}") = "libpcre", "..\..\foreign\pcre\libpcre.vcproj", "{1B8F524D-3162-4E5B-87EE-3FD918C543BC}"
	ProjectSection(ProjectDependencies) = postProject
		{828FC0A7-BADA-4147-BDD8-9ED21F340646} = {828FC0A7-BADA-4147-BDD8-9ED21F340646}
		{D3DFE9EB-124D-4F77-B941-650AC3FC0DC3} = {D3DFE9EB-124D-4F77-B941-650AC3FC0DC3}
	EndProjectSection
EndProject
Project("{8BC9CEB8-8B4A-11D0-8D11-00A0C91BC942}") = "libzip", "..\..\foreign\zlib\libzip.vcproj", "{FF8519F7-0322-4F8B-94F8-E1E0C2FBB770}"
	ProjectSection(ProjectDependencies) = postProject
		{1B8F524D-3162-4E5B-87EE-3FD918C543BC} = {1B8F524D-3162-4E5B-87EE-3FD918C543BC}
		{828FC0A7-BADA-4147-BDD8-9ED21F340646} = {828FC0A7-BADA-4147-BDD8-9ED21F340646}
		{D3DFE9EB-124D-4F77-B941-650AC3FC0DC3} = {D3DFE9EB-124D-4F77-B941-650AC3FC0DC3}
	EndProjectSection
EndProject
Project("{8BC9CEB8-8B4A-11D0-8D11-00A0C91BC942}") = "apr", "..\..\foreign\apr\apr\apr-imatix.vcproj", "{D3DFE9EB-124D-4F77-B941-650AC3FC0DC3}"
EndProject
Project("{8BC9CEB8-8B4A-11D0-8D11-00A0C91BC942}") = "aprutil", "..\..\foreign\apr\apr-util\aprutil-imatix.vcproj", "{828FC0A7-BADA-4147-BDD8-9ED21F340646}"
	ProjectSection(ProjectDependencies) = postProject
		{D3DFE9EB-124D-4F77-B941-650AC3FC0DC3} = {D3DFE9EB-124D-4F77-B941-650AC3FC0DC3}
	EndProjectSection
EndProject
Project("{8BC9CEB8-8B4A-11D0-8D11-00A0C91BC942}") = "libopf", "..\opf\libopf.vcproj", "{EAEE9F29-0EC1-4515-990B-997FCED81A05}"
	ProjectSection(ProjectDependencies) = postProject
		{1B8F524D-3162-4E5B-87EE-3FD918C543BC} = {1B8F524D-3162-4E5B-87EE-3FD918C543BC}
		{9011548E-CF63-4B6F-9C53-47F6A4DBB189} = {9011548E-CF63-4B6F-9C53-47F6A4DBB189}
		{828FC0A7-BADA-4147-BDD8-9ED21F340646} = {828FC0A7-BADA-4147-BDD8-9ED21F340646}
		{5AAA55C2-B01B-4FD6-AD0A-462F8DB0D1A4} = {5AAA55C2-B01B-4FD6-AD0A-462F8DB0D1A4}
		{2853A8EB-3D5A-4C97-AD82-C16AA311A3E0} = {2853A8EB-3D5A-4C97-AD82-C16AA311A3E0}
		{D3DFE9EB-124D-4F77-B941-650AC3FC0DC3} = {D3DFE9EB-124D-4F77-B941-650AC3FC0DC3}
		{FF8519F7-0322-4F8B-94F8-E1E0C2FBB770} = {FF8519F7-0322-4F8B-94F8-E1E0C2FBB770}
	EndProjectSection
EndProject
Project("{8BC9CEB8-8B4A-11D0-8D11-00A0C91BC942}") = "libasl", "..\asl\libasl.vcproj", "{E6BBBB94-32CB-42DE-AC00-08E4066F982E}"
	ProjectSection(ProjectDependencies) = postProject
		{EAEE9F29-0EC1-4515-990B-997FCED81A05} = {EAEE9F29-0EC1-4515-990B-997FCED81A05}
		{1B8F524D-3162-4E5B-87EE-3FD918C543BC} = {1B8F524D-3162-4E5B-87EE-3FD918C543BC}
		{9011548E-CF63-4B6F-9C53-47F6A4DBB189} = {9011548E-CF63-4B6F-9C53-47F6A4DBB189}
		{828FC0A7-BADA-4147-BDD8-9ED21F340646} = {828FC0A7-BADA-4147-BDD8-9ED21F340646}
		{5AAA55C2-B01B-4FD6-AD0A-462F8DB0D1A4} = {5AAA55C2-B01B-4FD6-AD0A-462F8DB0D1A4}
		{2853A8EB-3D5A-4C97-AD82-C16AA311A3E0} = {2853A8EB-3D5A-4C97-AD82-C16AA311A3E0}
		{D3DFE9EB-124D-4F77-B941-650AC3FC0DC3} = {D3DFE9EB-124D-4F77-B941-650AC3FC0DC3}
		{FF8519F7-0322-4F8B-94F8-E1E0C2FBB770} = {FF8519F7-0322-4F8B-94F8-E1E0C2FBB770}
	EndProjectSection
EndProject
Project("{8BC9CEB8-8B4A-11D0-8D11-00A0C91BC942}") = "xitami", "xitami.vcproj", "{8BA1DE28-1C3D-4059-A4BB-365A482F97C2}"
	ProjectSection(ProjectDependencies) = postProject
		{EAEE9F29-0EC1-4515-990B-997FCED81A05} = {EAEE9F29-0EC1-4515-990B-997FCED81A05}
		{3BC4CA33-7F2B-4DA2-ABAF-CD8B474862B8} = {3BC4CA33-7F2B-4DA2-ABAF-CD8B474862B8}
		{1B8F524D-3162-4E5B-87EE-3FD918C543BC} = {1B8F524D-3162-4E5B-87EE-3FD918C543BC}
		{9011548E-CF63-4B6F-9C53-47F6A4DBB189} = {9011548E-CF63-4B6F-9C53-47F6A4DBB189}
		{E6BBBB94-32CB-42DE-AC00-08E4066F982E} = {E6BBBB94-32CB-42DE-AC00-08E4066F982E}
		{828FC0A7-BADA-4147-BDD8-9ED21F340646} = {828FC0A7-BADA-4147-BDD8-9ED21F340646}
		{5AAA55C2-B01B-4FD6-AD0A-462F8DB0D1A4} = {5AAA55C2-B01B-4FD6-AD0A-462F8DB0D1A4}
		{2853A8EB-3D5A-4C97-AD82-C16AA311A3E0} = {2853A8EB-3D5A-4C97-AD82-C16AA311A3E0}
		{D3DFE9EB-124D-4F77-B941-650AC3FC0DC3} = {D3DFE9EB-124D-4F77-B941-650AC3FC0DC3}
		{FF8519F7-0322-4F8B-94F8-E1E0C2FBB770} = {FF8519F7-0322-4F8B-94F8-E1E0C2FBB770}
	EndProjectSection
EndProject
Global
	GlobalSection(SolutionConfigurationPlatforms) = preSolution
		Debug|Win32 = Debug|Win32
		DebugNT|Win32 = DebugNT|Win32
		Release|Win32 = Release|Win32
		ReleaseNT|Win32 = ReleaseNT|Win32
	EndGlobalSection
	GlobalSection(ProjectConfigurationPlatforms) = postSolution
		{3BC4CA33-7F2B-4DA2-ABAF-CD8B474862B8}.Debug|Win32.ActiveCfg = Debug|Win32
		{3BC4CA33-7F2B-4DA2-ABAF-CD8B474862B8}.Debug|Win32.Build.0 = Debug|Win32
		{3BC4CA33-7F2B-4DA2-ABAF-CD8B474862B8}.DebugNT|Win32.ActiveCfg = Debug|Win32
		{3BC4CA33-7F2B-4DA2-ABAF-CD8B474862B8}.DebugNT|Win32.Build.0 = Debug|Win32
		{3BC4CA33-7F2B-4DA2-ABAF-CD8B474862B8}.Release|Win32.ActiveCfg = Release|Win32
		{3BC4CA33-7F2B-4DA2-ABAF-CD8B474862B8}.Release|Win32.Build.0 = Release|Win32
		{3BC4CA33-7F2B-4DA2-ABAF-CD8B474862B8}.ReleaseNT|Win32.ActiveCfg = Release|Win32
		{3BC4CA33-7F2B-4DA2-ABAF-CD8B474862B8}.ReleaseNT|Win32.Build.0 = Release|Win32
		{9011548E-CF63-4B6F-9C53-47F6A4DBB189}.Debug|Win32.ActiveCfg = Debug|Win32
		{9011548E-CF63-4B6F-9C53-47F6A4DBB189}.Debug|Win32.Build.0 = Debug|Win32
		{9011548E-CF63-4B6F-9C53-47F6A4DBB189}.DebugNT|Win32.ActiveCfg = Debug|Win32
		{9011548E-CF63-4B6F-9C53-47F6A4DBB189}.DebugNT|Win32.Build.0 = Debug|Win32
		{9011548E-CF63-4B6F-9C53-47F6A4DBB189}.Release|Win32.ActiveCfg = Release|Win32
		{9011548E-CF63-4B6F-9C53-47F6A4DBB189}.Release|Win32.Build.0 = Release|Win32
		{9011548E-CF63-4B6F-9C53-47F6A4DBB189}.ReleaseNT|Win32.ActiveCfg = Release|Win32
		{9011548E-CF63-4B6F-9C53-47F6A4DBB189}.ReleaseNT|Win32.Build.0 = Release|Win32
		{5AAA55C2-B01B-4FD6-AD0A-462F8DB0D1A4}.Debug|Win32.ActiveCfg = Debug|Win32
		{5AAA55C2-B01B-4FD6-AD0A-462F8DB0D1A4}.Debug|Win32.Build.0 = Debug|Win32
		{5AAA55C2-B01B-4FD6-AD0A-462F8DB0D1A4}.DebugNT|Win32.ActiveCfg = Debug|Win32
		{5AAA55C2-B01B-4FD6-AD0A-462F8DB0D1A4}.DebugNT|Win32.Build.0 = Debug|Win32
		{5AAA55C2-B01B-4FD6-AD0A-462F8DB0D1A4}.Release|Win32.ActiveCfg = Release|Win32
		{5AAA55C2-B01B-4FD6-AD0A-462F8DB0D1A4}.Release|Win32.Build.0 = Release|Win32
		{5AAA55C2-B01B-4FD6-AD0A-462F8DB0D1A4}.ReleaseNT|Win32.ActiveCfg = Release|Win32
		{5AAA55C2-B01B-4FD6-AD0A-462F8DB0D1A4}.ReleaseNT|Win32.Build.0 = Release|Win32
		{2853A8EB-3D5A-4C97-AD82-C16AA311A3E0}.Debug|Win32.ActiveCfg = Debug|Win32
		{2853A8EB-3D5A-4C97-AD82-C16AA311A3E0}.Debug|Win32.Build.0 = Debug|Win32
		{2853A8EB-3D5A-4C97-AD82-C16AA311A3E0}.DebugNT|Win32.ActiveCfg = Debug|Win32
		{2853A8EB-3D5A-4C97-AD82-C16AA311A3E0}.DebugNT|Win32.Build.0 = Debug|Win32
		{2853A8EB-3D5A-4C97-AD82-C16AA311A3E0}.Release|Win32.ActiveCfg = Release|Win32
		{2853A8EB-3D5A-4C97-AD82-C16AA311A3E0}.Release|Win32.Build.0 = Release|Win32
		{2853A8EB-3D5A-4C97-AD82-C16AA311A3E0}.ReleaseNT|Win32.ActiveCfg = Release|Win32
		{2853A8EB-3D5A-4C97-AD82-C16AA311A3E0}.ReleaseNT|Win32.Build.0 = Release|Win32
		{1B8F524D-3162-4E5B-87EE-3FD918C543BC}.Debug|Win32.ActiveCfg = Debug|Win32
		{1B8F524D-3162-4E5B-87EE-3FD918C543BC}.Debug|Win32.Build.0 = Debug|Win32
		{1B8F524D-3162-4E5B-87EE-3FD918C543BC}.DebugNT|Win32.ActiveCfg = Debug|Win32
		{1B8F524D-3162-4E5B-87EE-3FD918C543BC}.DebugNT|Win32.Build.0 = Debug|Win32
		{1B8F524D-3162-4E5B-87EE-3FD918C543BC}.Release|Win32.ActiveCfg = Release|Win32
		{1B8F524D-3162-4E5B-87EE-3FD918C543BC}.Release|Win32.Build.0 = Release|Win32
		{1B8F524D-3162-4E5B-87EE-3FD918C543BC}.ReleaseNT|Win32.ActiveCfg = Release|Win32
		{1B8F524D-3162-4E5B-87EE-3FD918C543BC}.ReleaseNT|Win32.Build.0 = Release|Win32
		{FF8519F7-0322-4F8B-94F8-E1E0C2FBB770}.Debug|Win32.ActiveCfg = Debug|Win32
		{FF8519F7-0322-4F8B-94F8-E1E0C2FBB770}.Debug|Win32.Build.0 = Debug|Win32
		{FF8519F7-0322-4F8B-94F8-E1E0C2FBB770}.DebugNT|Win32.ActiveCfg = Debug|Win32
		{FF8519F7-0322-4F8B-94F8-E1E0C2FBB770}.DebugNT|Win32.Build.0 = Debug|Win32
		{FF8519F7-0322-4F8B-94F8-E1E0C2FBB770}.Release|Win32.ActiveCfg = Release|Win32
		{FF8519F7-0322-4F8B-94F8-E1E0C2FBB770}.Release|Win32.Build.0 = Release|Win32
		{FF8519F7-0322-4F8B-94F8-E1E0C2FBB770}.ReleaseNT|Win32.ActiveCfg = Release|Win32
		{FF8519F7-0322-4F8B-94F8-E1E0C2FBB770}.ReleaseNT|Win32.Build.0 = Release|Win32
		{D3DFE9EB-124D-4F77-B941-650AC3FC0DC3}.Debug|Win32.ActiveCfg = Debug|Win32
		{D3DFE9EB-124D-4F77-B941-650AC3FC0DC3}.Debug|Win32.Build.0 = Debug|Win32
		{D3DFE9EB-124D-4F77-B941-650AC3FC0DC3}.DebugNT|Win32.ActiveCfg = DebugNT|Win32
		{D3DFE9EB-124D-4F77-B941-650AC3FC0DC3}.DebugNT|Win32.Build.0 = DebugNT|Win32
		{D3DFE9EB-124D-4F77-B941-650AC3FC0DC3}.Release|Win32.ActiveCfg = Release|Win32
		{D3DFE9EB-124D-4F77-B941-650AC3FC0DC3}.Release|Win32.Build.0 = Release|Win32
		{D3DFE9EB-124D-4F77-B941-650AC3FC0DC3}.ReleaseNT|Win32.ActiveCfg = ReleaseNT|Win32
		{D3DFE9EB-124D-4F77-B941-650AC3FC0DC3}.ReleaseNT|Win32.Build.0 = ReleaseNT|Win32
		{828FC0A7-BADA-4147-BDD8-9ED21F340646}.Debug|Win32.ActiveCfg = Debug|Win32
		{828FC0A7-BADA-4147-BDD8-9ED21F340646}.Debug|Win32.Build.0 = Debug|Win32
		{828FC0A7-BADA-4147-BDD8-9ED21F340646}.DebugNT|Win32.ActiveCfg = Debug|Win32
		{828FC0A7-BADA-4147-BDD8-9ED21F340646}.DebugNT|Win32.Build.0 = Debug|Win32
		{828FC0A7-BADA-4147-BDD8-9ED21F340646}.Release|Win32.ActiveCfg = Release|Win32
		{828FC0A7-BADA-4147-BDD8-9ED21F340646}.Release|Win32.Build.0 = Release|Win32
		{828FC0A7-BADA-4147-BDD8-9ED21F340646}.ReleaseNT|Win32.ActiveCfg = Release|Win32
		{828FC0A7-BADA-4147-BDD8-9ED21F340646}.ReleaseNT|Win32.Build.0 = Release|Win32
		{EAEE9F29-0EC1-4515-990B-997FCED81A05}.Debug|Win32.ActiveCfg = Debug|Win32
		{EAEE9F29-0EC1-4515-990B-997FCED81A05}.Debug|Win32.Build.0 = Debug|Win32
		{EAEE9F29-0EC1-4515-990B-997FCED81A05}.DebugNT|Win32.ActiveCfg = Debug|Win32
		{EAEE9F29-0EC1-4515-990B-997FCED81A05}.DebugNT|Win32.Build.0 = Debug|Win32
		{EAEE9F29-0EC1-4515-990B-997FCED81A05}.Release|Win32.ActiveCfg = Release|Win32
		{EAEE9F29-0EC1-4515-990B-997FCED81A05}.Release|Win32.Build.0 = Release|Win32
		{EAEE9F29-0EC1-4515-990B-997FCED81A05}.ReleaseNT|Win32.ActiveCfg = Release|Win32
		{EAEE9F29-0EC1-4515-990B-997FCED81A05}.ReleaseNT|Win32.Build.0 = Release|Win32
		{E6BBBB94-32CB-42DE-AC00-08E4066F982E}.Debug|Win32.ActiveCfg = Debug|Win32
		{E6BBBB94-32CB-42DE-AC00-08E4066F982E}.Debug|Win32.Build.0 = Debug|Win32
		{E6BBBB94-32CB-42DE-AC00-08E4066F982E}.DebugNT|Win32.ActiveCfg = Debug|Win32
		{E6BBBB94-32CB-42DE-AC00-08E4066F982E}.DebugNT|Win32.Build.0 = Debug|Win32
		{E6BBBB94-32CB-42DE-AC00-08E4066F982E}.Release|Win32.ActiveCfg = Release|Win32
		{E6BBBB94-32CB-42DE-AC00-08E4066F982E}.Release|Win32.Build.0 = Release|Win32
		{E6BBBB94-32CB-42DE-AC00-08E4066F982E}.ReleaseNT|Win32.ActiveCfg = Release|Win32
		{E6BBBB94-32CB-42DE-AC00-08E4066F982E}.ReleaseNT|Win32.Build.0 = Release|Win32
		{8BA1DE28-1C3D-4059-A4BB-365A482F97C2}.Debug|Win32.ActiveCfg = Debug|Win32
		{8BA1DE28-1C3D-4059-A4BB-365A482F97C2}.Debug|Win32.Build.0 = Debug|Win32
		{8BA1DE28-1C3D-4059-A4BB-365A482F97C2}.DebugNT|Win32.ActiveCfg = Debug|Win32
		{8BA1DE28-1C3D-4059-A4BB-365A482F97C2}.DebugNT|Win32.Build.0 = Debug|Win32
		{8BA1DE28-1C3D-4059-A4BB-365A482F97C2}.Release|Win32.ActiveCfg = Release|Win32
		{8BA1DE28-1C3D-4059-A4BB-365A482F97C2}.Release|Win32.Build.0 = Release|Win32
		{8BA1DE28-1C3D-4059-A4BB-365A482F97C2}.ReleaseNT|Win32.ActiveCfg = Release|Win32
		{8BA1DE28-1C3D-4059-A4BB-365A482F97C2}.ReleaseNT|Win32.Build.0 = Release|Win32
	EndGlobalSection
	GlobalSection(SolutionProperties) = preSolution
		HideSolutionNode = FALSE
	EndGlobalSection
EndGlobal
